
Microsoft Visual Studio Solution File, Format Version 12.00
Project("{FAE04EC0-301F-11D3-BF4B-00C04F79EFBC}") = "PureSharp.Console", "PureSharp.Console\PureSharp.Console.csproj", "{C099FBDA-A546-40A9-B0BA-154F7EEA50DC}"
EndProject
Project("{FAE04EC0-301F-11D3-BF4B-00C04F79EFBC}") = "PurseSharp.Lib", "PurseSharp.Lib\PurseSharp.Lib.csproj", "{6495645A-058B-4D8C-9A5D-D9209F666A64}"
EndProject
Project("{FAE04EC0-301F-11D3-BF4B-00C04F79EFBC}") = "TestUtil", "TestUtil\TestUtil.csproj", "{C20ACD69-6EFD-4E01-8F98-EB34B50246C5}"
EndProject
Global
	GlobalSection(SolutionConfigurationPlatforms) = preSolution
		Debug|Any CPU = Debug|Any CPU
		Release|Any CPU = Release|Any CPU
	EndGlobalSection
	GlobalSection(ProjectConfigurationPlatforms) = postSolution
		{C099FBDA-A546-40A9-B0BA-154F7EEA50DC}.Debug|Any CPU.ActiveCfg = Debug|Any CPU
		{C099FBDA-A546-40A9-B0BA-154F7EEA50DC}.Debug|Any CPU.Build.0 = Debug|Any CPU
		{C099FBDA-A546-40A9-B0BA-154F7EEA50DC}.Release|Any CPU.ActiveCfg = Release|Any CPU
		{C099FBDA-A546-40A9-B0BA-154F7EEA50DC}.Release|Any CPU.Build.0 = Release|Any CPU
		{6495645A-058B-4D8C-9A5D-D9209F666A64}.Debug|Any CPU.ActiveCfg = Debug|Any CPU
		{6495645A-058B-4D8C-9A5D-D9209F666A64}.Debug|Any CPU.Build.0 = Debug|Any CPU
		{6495645A-058B-4D8C-9A5D-D9209F666A64}.Release|Any CPU.ActiveCfg = Release|Any CPU
		{6495645A-058B-4D8C-9A5D-D9209F666A64}.Release|Any CPU.Build.0 = Release|Any CPU
		{C20ACD69-6EFD-4E01-8F98-EB34B50246C5}.Debug|Any CPU.ActiveCfg = Debug|Any CPU
		{C20ACD69-6EFD-4E01-8F98-EB34B50246C5}.Debug|Any CPU.Build.0 = Debug|Any CPU
		{C20ACD69-6EFD-4E01-8F98-EB34B50246C5}.Release|Any CPU.ActiveCfg = Release|Any CPU
		{C20ACD69-6EFD-4E01-8F98-EB34B50246C5}.Release|Any CPU.Build.0 = Release|Any CPU
	EndGlobalSection
EndGlobal
